
Microsoft Visual Studio Solution File, Format Version 12.00
# Visual Studio Version 17
VisualStudioVersion = 17.14.37314.3 d17.14
MinimumVisualStudioVersion = 10.0.40219.1
Project("{FAE04EC0-301F-11D3-BF4B-00C04F79EFBC}") = "WebTMAIntegration", "WebTMAIntegration\WebTMAIntegration.csproj", "{8C900E67-FFC9-46AB-A541-E5E3AA0E2C2A}"
EndProject
Global
	GlobalSection(SolutionConfigurationPlatforms) = preSolution
		Debug|Any CPU = Debug|Any CPU
		Release|Any CPU = Release|Any CPU
	EndGlobalSection
	GlobalSection(ProjectConfigurationPlatforms) = postSolution
		{8C900E67-FFC9-46AB-A541-E5E3AA0E2C2A}.Debug|Any CPU.ActiveCfg = Debug|Any CPU
		{8C900E67-FFC9-46AB-A541-E5E3AA0E2C2A}.Debug|Any CPU.Build.0 = Debug|Any CPU
		{8C900E67-FFC9-46AB-A541-E5E3AA0E2C2A}.Release|Any CPU.ActiveCfg = Release|Any CPU
		{8C900E67-FFC9-46AB-A541-E5E3AA0E2C2A}.Release|Any CPU.Build.0 = Release|Any CPU
	EndGlobalSection
	GlobalSection(SolutionProperties) = preSolution
		HideSolutionNode = FALSE
	EndGlobalSection
	GlobalSection(ExtensibilityGlobals) = postSolution
		SolutionGuid = {6E2AA7ED-C314-4434-B22F-8D3AE5369EA3}
	EndGlobalSection
EndGlobal
